<?xml version="1.0" encoding="utf-8"?>
<Project ToolsVersion="4.0" xmlns="http://schemas.microsoft.com/developer/msbuild/2003">
  <ItemGroup>
    <Filter Include="源文件">
      <UniqueIdentifier>{4FC737F1-C7A5-4376-A066-2A32D752A2FF}</UniqueIdentifier>
      <Extensions>cpp;c;cc;cxx;c++;cppm;ixx;def;odl;idl;hpj;bat;asm;asmx</Extensions>
    </Filter>
    <Filter Include="头文件">
      <UniqueIdentifier>{93995380-89BD-4b04-88EB-625FBE52EBFB}</UniqueIdentifier>
      <Extensions>h;hh;hpp;hxx;h++;hm;inl;inc;ipp;xsd</Extensions>
    </Filter>
    <Filter Include="资源文件">
      <UniqueIdentifier>{67DA6AB6-F800-4c08-8B7A-83BB121AAD01}</UniqueIdentifier>
      <Extensions>rc;ico;cur;bmp;dlg;rc2;rct;bin;rgs;gif;jpg;jpeg;jpe;resx;tiff;tif;png;wav;mfcribbon-ms</Extensions>
    </Filter>
  </ItemGroup>
  <ItemGroup>
    <ClCompile Include="连点器.c">
      <Filter>源文件</Filter>
    </ClCompile>
    <ClCompile Include="指针(2)--指针越界.c">
      <Filter>源文件</Filter>
    </ClCompile>
    <ClCompile Include="指针初探(交换两个数).c">
      <Filter>源文件</Filter>
    </ClCompile>
    <ClCompile Include="helloworld.c">
      <Filter>源文件</Filter>
    </ClCompile>
    <ClCompile Include="0.c">
      <Filter>源文件</Filter>
    </ClCompile>
    <ClCompile Include="比大小.c">
      <Filter>源文件</Filter>
    </ClCompile>
    <ClCompile Include="阶梯电价.c">
      <Filter>源文件</Filter>
    </ClCompile>
    <ClCompile Include="浮点型最大精确度.c">
      <Filter>源文件</Filter>
    </ClCompile>
    <ClCompile Include="二维数组指针初探.c">
      <Filter>源文件</Filter>
    </ClCompile>
    <ClCompile Include="十进制转换二进制.c">
      <Filter>源文件</Filter>
    </ClCompile>
    <ClCompile Include="const初探.c">
      <Filter>源文件</Filter>
    </ClCompile>
    <ClCompile Include="二维数组指针使用浅例.c">
      <Filter>源文件</Filter>
    </ClCompile>
    <ClCompile Include="变长数组.c">
      <Filter>源文件</Filter>
    </ClCompile>
    <ClCompile Include="字符串是静态存储类型.c">
      <Filter>源文件</Filter>
    </ClCompile>
    <ClCompile Include="1321.c">
      <Filter>源文件</Filter>
    </ClCompile>
    <ClCompile Include="fgets.c">
      <Filter>源文件</Filter>
    </ClCompile>
    <ClCompile Include="赋值表达式的结果.c">
      <Filter>源文件</Filter>
    </ClCompile>
    <ClCompile Include="strcat测试.c">
      <Filter>源文件</Filter>
    </ClCompile>
    <ClCompile Include="9999 乘法表.c">
      <Filter>源文件</Filter>
    </ClCompile>
    <ClCompile Include="给主函数传递参数.c">
      <Filter>源文件</Filter>
    </ClCompile>
  </ItemGroup>
  <ItemGroup>
    <ClInclude Include="mylibrary.h">
      <Filter>头文件</Filter>
    </ClInclude>
  </ItemGroup>
</Project>